
Microsoft Visual Studio Solution File, Format Version 12.00
# Visual Studio 15
VisualStudioVersion = 15.0.27130.2027
MinimumVisualStudioVersion = 10.0.40219.1
Project("{FAE04EC0-301F-11D3-BF4B-00C04F79EFBC}") = "App", "primo\App.csproj", "{27960C18-5E84-46A9-AF4D-32DB53B11890}"
EndProject
Project("{FAE04EC0-301F-11D3-BF4B-00C04F79EFBC}") = "Lib", "Lib\Lib.csproj", "{03C80A72-9DFF-4C54-A70B-F91B02454C8A}"
EndProject
Global
	GlobalSection(SolutionConfigurationPlatforms) = preSolution
		Debug|Any CPU = Debug|Any CPU
		Debug|x64 = Debug|x64
		Debug|x86 = Debug|x86
		Release|Any CPU = Release|Any CPU
		Release|x64 = Release|x64
		Release|x86 = Release|x86
	EndGlobalSection
	GlobalSection(ProjectConfigurationPlatforms) = postSolution
		{27960C18-5E84-46A9-AF4D-32DB53B11890}.Debug|Any CPU.ActiveCfg = Debug|Any CPU
		{27960C18-5E84-46A9-AF4D-32DB53B11890}.Debug|Any CPU.Build.0 = Debug|Any CPU
		{27960C18-5E84-46A9-AF4D-32DB53B11890}.Debug|x64.ActiveCfg = Debug|x64
		{27960C18-5E84-46A9-AF4D-32DB53B11890}.Debug|x64.Build.0 = Debug|x64
		{27960C18-5E84-46A9-AF4D-32DB53B11890}.Debug|x86.ActiveCfg = Release|x86
		{27960C18-5E84-46A9-AF4D-32DB53B11890}.Debug|x86.Build.0 = Release|x86
		{27960C18-5E84-46A9-AF4D-32DB53B11890}.Release|Any CPU.ActiveCfg = Release|Any CPU
		{27960C18-5E84-46A9-AF4D-32DB53B11890}.Release|Any CPU.Build.0 = Release|Any CPU
		{27960C18-5E84-46A9-AF4D-32DB53B11890}.Release|x64.ActiveCfg = Release|x64
		{27960C18-5E84-46A9-AF4D-32DB53B11890}.Release|x64.Build.0 = Release|x64
		{27960C18-5E84-46A9-AF4D-32DB53B11890}.Release|x86.ActiveCfg = Release|x86
		{27960C18-5E84-46A9-AF4D-32DB53B11890}.Release|x86.Build.0 = Release|x86
		{03C80A72-9DFF-4C54-A70B-F91B02454C8A}.Debug|Any CPU.ActiveCfg = Debug|Any CPU
		{03C80A72-9DFF-4C54-A70B-F91B02454C8A}.Debug|Any CPU.Build.0 = Debug|Any CPU
		{03C80A72-9DFF-4C54-A70B-F91B02454C8A}.Debug|x64.ActiveCfg = Debug|Any CPU
		{03C80A72-9DFF-4C54-A70B-F91B02454C8A}.Debug|x64.Build.0 = Debug|Any CPU
		{03C80A72-9DFF-4C54-A70B-F91B02454C8A}.Debug|x86.ActiveCfg = Debug|Any CPU
		{03C80A72-9DFF-4C54-A70B-F91B02454C8A}.Debug|x86.Build.0 = Debug|Any CPU
		{03C80A72-9DFF-4C54-A70B-F91B02454C8A}.Release|Any CPU.ActiveCfg = Release|Any CPU
		{03C80A72-9DFF-4C54-A70B-F91B02454C8A}.Release|Any CPU.Build.0 = Release|Any CPU
		{03C80A72-9DFF-4C54-A70B-F91B02454C8A}.Release|x64.ActiveCfg = Release|Any CPU
		{03C80A72-9DFF-4C54-A70B-F91B02454C8A}.Release|x64.Build.0 = Release|Any CPU
		{03C80A72-9DFF-4C54-A70B-F91B02454C8A}.Release|x86.ActiveCfg = Release|Any CPU
		{03C80A72-9DFF-4C54-A70B-F91B02454C8A}.Release|x86.Build.0 = Release|Any CPU
	EndGlobalSection
	GlobalSection(SolutionProperties) = preSolution
		HideSolutionNode = FALSE
	EndGlobalSection
	GlobalSection(ExtensibilityGlobals) = postSolution
		SolutionGuid = {16BD4541-904C-4E06-B758-1022DB35CD23}
	EndGlobalSection
EndGlobal
